
Microsoft Visual Studio Solution File, Format Version 12.00
# Visual Studio Version 16
VisualStudioVersion = 16.0.30128.74
MinimumVisualStudioVersion = 10.0.40219.1
Project("{FAE04EC0-301F-11D3-BF4B-00C04F79EFBC}") = "Calc10", "WPFModernUITest\Calc10.csproj", "{98FB57A7-C1C7-4F8B-AAD5-B38B27240BFC}"
EndProject
Global
	GlobalSection(SolutionConfigurationPlatforms) = preSolution
		Debug|Any CPU = Debug|Any CPU
		Release|Any CPU = Release|Any CPU
	EndGlobalSection
	GlobalSection(ProjectConfigurationPlatforms) = postSolution
		{98FB57A7-C1C7-4F8B-AAD5-B38B27240BFC}.Debug|Any CPU.ActiveCfg = Debug|Any CPU
		{98FB57A7-C1C7-4F8B-AAD5-B38B27240BFC}.Debug|Any CPU.Build.0 = Debug|Any CPU
		{98FB57A7-C1C7-4F8B-AAD5-B38B27240BFC}.Release|Any CPU.ActiveCfg = Release|Any CPU
		{98FB57A7-C1C7-4F8B-AAD5-B38B27240BFC}.Release|Any CPU.Build.0 = Release|Any CPU
	EndGlobalSection
	GlobalSection(SolutionProperties) = preSolution
		HideSolutionNode = FALSE
	EndGlobalSection
	GlobalSection(ExtensibilityGlobals) = postSolution
		SolutionGuid = {8BFBBA6A-988F-4FE8-AFC7-F4170B280397}
	EndGlobalSection
EndGlobal
